
Microsoft Visual Studio Solution File, Format Version 12.00
# Visual Studio Version 17
VisualStudioVersion = 17.8.34511.84
MinimumVisualStudioVersion = 10.0.40219.1
Project("{9A19103F-16F7-4668-BE54-9A1E7A4F7556}") = "Skills1_1", "Chapter1\Skills1_1.csproj", "{EE601F4E-00CF-4A74-9104-54531BA29224}"
EndProject
Project("{2150E333-8FDC-42A3-9474-1A3956D46DE8}") = "Chapter1", "Chapter1", "{A752E0B6-7BD8-43B1-A5A9-05C38C386F56}"
EndProject
Project("{FAE04EC0-301F-11D3-BF4B-00C04F79EFBC}") = "1-29_BlockingUserInterface", "1-29_BlockingUserInterface\1-29_BlockingUserInterface.csproj", "{60BF8BD1-D47E-4D9D-8479-C17A1A7EAF64}"
EndProject
Project("{FAE04EC0-301F-11D3-BF4B-00C04F79EFBC}") = "1-30_UsingTask", "1-30_UsingTask\1-30_UsingTask.csproj", "{F12E7D7B-1F3C-42C4-9F23-BE584331E154}"
EndProject
Project("{FAE04EC0-301F-11D3-BF4B-00C04F79EFBC}") = "1-31_Threads_UpdatingUI", "1-31_Threads_UpdatingUI\1-31_Threads_UpdatingUI.csproj", "{DE5483E6-3147-4296-929D-7FCF8B890FF5}"
EndProject
Global
	GlobalSection(SolutionConfigurationPlatforms) = preSolution
		Debug|Any CPU = Debug|Any CPU
		Debug|ARM = Debug|ARM
		Debug|ARM64 = Debug|ARM64
		Debug|x64 = Debug|x64
		Debug|x86 = Debug|x86
		Release|Any CPU = Release|Any CPU
		Release|ARM = Release|ARM
		Release|ARM64 = Release|ARM64
		Release|x64 = Release|x64
		Release|x86 = Release|x86
	EndGlobalSection
	GlobalSection(ProjectConfigurationPlatforms) = postSolution
		{EE601F4E-00CF-4A74-9104-54531BA29224}.Debug|Any CPU.ActiveCfg = Debug|Any CPU
		{EE601F4E-00CF-4A74-9104-54531BA29224}.Debug|Any CPU.Build.0 = Debug|Any CPU
		{EE601F4E-00CF-4A74-9104-54531BA29224}.Debug|ARM.ActiveCfg = Debug|Any CPU
		{EE601F4E-00CF-4A74-9104-54531BA29224}.Debug|ARM.Build.0 = Debug|Any CPU
		{EE601F4E-00CF-4A74-9104-54531BA29224}.Debug|ARM64.ActiveCfg = Debug|Any CPU
		{EE601F4E-00CF-4A74-9104-54531BA29224}.Debug|ARM64.Build.0 = Debug|Any CPU
		{EE601F4E-00CF-4A74-9104-54531BA29224}.Debug|x64.ActiveCfg = Debug|Any CPU
		{EE601F4E-00CF-4A74-9104-54531BA29224}.Debug|x64.Build.0 = Debug|Any CPU
		{EE601F4E-00CF-4A74-9104-54531BA29224}.Debug|x86.ActiveCfg = Debug|Any CPU
		{EE601F4E-00CF-4A74-9104-54531BA29224}.Debug|x86.Build.0 = Debug|Any CPU
		{EE601F4E-00CF-4A74-9104-54531BA29224}.Release|Any CPU.ActiveCfg = Release|Any CPU
		{EE601F4E-00CF-4A74-9104-54531BA29224}.Release|Any CPU.Build.0 = Release|Any CPU
		{EE601F4E-00CF-4A74-9104-54531BA29224}.Release|ARM.ActiveCfg = Release|Any CPU
		{EE601F4E-00CF-4A74-9104-54531BA29224}.Release|ARM.Build.0 = Release|Any CPU
		{EE601F4E-00CF-4A74-9104-54531BA29224}.Release|ARM64.ActiveCfg = Release|Any CPU
		{EE601F4E-00CF-4A74-9104-54531BA29224}.Release|ARM64.Build.0 = Release|Any CPU
		{EE601F4E-00CF-4A74-9104-54531BA29224}.Release|x64.ActiveCfg = Release|Any CPU
		{EE601F4E-00CF-4A74-9104-54531BA29224}.Release|x64.Build.0 = Release|Any CPU
		{EE601F4E-00CF-4A74-9104-54531BA29224}.Release|x86.ActiveCfg = Release|Any CPU
		{EE601F4E-00CF-4A74-9104-54531BA29224}.Release|x86.Build.0 = Release|Any CPU
		{60BF8BD1-D47E-4D9D-8479-C17A1A7EAF64}.Debug|Any CPU.ActiveCfg = Debug|x64
		{60BF8BD1-D47E-4D9D-8479-C17A1A7EAF64}.Debug|Any CPU.Build.0 = Debug|x64
		{60BF8BD1-D47E-4D9D-8479-C17A1A7EAF64}.Debug|Any CPU.Deploy.0 = Debug|x64
		{60BF8BD1-D47E-4D9D-8479-C17A1A7EAF64}.Debug|ARM.ActiveCfg = Debug|ARM
		{60BF8BD1-D47E-4D9D-8479-C17A1A7EAF64}.Debug|ARM.Build.0 = Debug|ARM
		{60BF8BD1-D47E-4D9D-8479-C17A1A7EAF64}.Debug|ARM.Deploy.0 = Debug|ARM
		{60BF8BD1-D47E-4D9D-8479-C17A1A7EAF64}.Debug|ARM64.ActiveCfg = Debug|ARM64
		{60BF8BD1-D47E-4D9D-8479-C17A1A7EAF64}.Debug|ARM64.Build.0 = Debug|ARM64
		{60BF8BD1-D47E-4D9D-8479-C17A1A7EAF64}.Debug|ARM64.Deploy.0 = Debug|ARM64
		{60BF8BD1-D47E-4D9D-8479-C17A1A7EAF64}.Debug|x64.ActiveCfg = Debug|x64
		{60BF8BD1-D47E-4D9D-8479-C17A1A7EAF64}.Debug|x64.Build.0 = Debug|x64
		{60BF8BD1-D47E-4D9D-8479-C17A1A7EAF64}.Debug|x64.Deploy.0 = Debug|x64
		{60BF8BD1-D47E-4D9D-8479-C17A1A7EAF64}.Debug|x86.ActiveCfg = Debug|x86
		{60BF8BD1-D47E-4D9D-8479-C17A1A7EAF64}.Debug|x86.Build.0 = Debug|x86
		{60BF8BD1-D47E-4D9D-8479-C17A1A7EAF64}.Debug|x86.Deploy.0 = Debug|x86
		{60BF8BD1-D47E-4D9D-8479-C17A1A7EAF64}.Release|Any CPU.ActiveCfg = Release|x64
		{60BF8BD1-D47E-4D9D-8479-C17A1A7EAF64}.Release|Any CPU.Build.0 = Release|x64
		{60BF8BD1-D47E-4D9D-8479-C17A1A7EAF64}.Release|Any CPU.Deploy.0 = Release|x64
		{60BF8BD1-D47E-4D9D-8479-C17A1A7EAF64}.Release|ARM.ActiveCfg = Release|ARM
		{60BF8BD1-D47E-4D9D-8479-C17A1A7EAF64}.Release|ARM.Build.0 = Release|ARM
		{60BF8BD1-D47E-4D9D-8479-C17A1A7EAF64}.Release|ARM.Deploy.0 = Release|ARM
		{60BF8BD1-D47E-4D9D-8479-C17A1A7EAF64}.Release|ARM64.ActiveCfg = Release|ARM64
		{60BF8BD1-D47E-4D9D-8479-C17A1A7EAF64}.Release|ARM64.Build.0 = Release|ARM64
		{60BF8BD1-D47E-4D9D-8479-C17A1A7EAF64}.Release|ARM64.Deploy.0 = Release|ARM64
		{60BF8BD1-D47E-4D9D-8479-C17A1A7EAF64}.Release|x64.ActiveCfg = Release|x64
		{60BF8BD1-D47E-4D9D-8479-C17A1A7EAF64}.Release|x64.Build.0 = Release|x64
		{60BF8BD1-D47E-4D9D-8479-C17A1A7EAF64}.Release|x64.Deploy.0 = Release|x64
		{60BF8BD1-D47E-4D9D-8479-C17A1A7EAF64}.Release|x86.ActiveCfg = Release|x86
		{60BF8BD1-D47E-4D9D-8479-C17A1A7EAF64}.Release|x86.Build.0 = Release|x86
		{60BF8BD1-D47E-4D9D-8479-C17A1A7EAF64}.Release|x86.Deploy.0 = Release|x86
		{F12E7D7B-1F3C-42C4-9F23-BE584331E154}.Debug|Any CPU.ActiveCfg = Debug|x64
		{F12E7D7B-1F3C-42C4-9F23-BE584331E154}.Debug|Any CPU.Build.0 = Debug|x64
		{F12E7D7B-1F3C-42C4-9F23-BE584331E154}.Debug|Any CPU.Deploy.0 = Debug|x64
		{F12E7D7B-1F3C-42C4-9F23-BE584331E154}.Debug|ARM.ActiveCfg = Debug|ARM
		{F12E7D7B-1F3C-42C4-9F23-BE584331E154}.Debug|ARM.Build.0 = Debug|ARM
		{F12E7D7B-1F3C-42C4-9F23-BE584331E154}.Debug|ARM.Deploy.0 = Debug|ARM
		{F12E7D7B-1F3C-42C4-9F23-BE584331E154}.Debug|ARM64.ActiveCfg = Debug|ARM64
		{F12E7D7B-1F3C-42C4-9F23-BE584331E154}.Debug|ARM64.Build.0 = Debug|ARM64
		{F12E7D7B-1F3C-42C4-9F23-BE584331E154}.Debug|ARM64.Deploy.0 = Debug|ARM64
		{F12E7D7B-1F3C-42C4-9F23-BE584331E154}.Debug|x64.ActiveCfg = Debug|x64
		{F12E7D7B-1F3C-42C4-9F23-BE584331E154}.Debug|x64.Build.0 = Debug|x64
		{F12E7D7B-1F3C-42C4-9F23-BE584331E154}.Debug|x64.Deploy.0 = Debug|x64
		{F12E7D7B-1F3C-42C4-9F23-BE584331E154}.Debug|x86.ActiveCfg = Debug|x86
		{F12E7D7B-1F3C-42C4-9F23-BE584331E154}.Debug|x86.Build.0 = Debug|x86
		{F12E7D7B-1F3C-42C4-9F23-BE584331E154}.Debug|x86.Deploy.0 = Debug|x86
		{F12E7D7B-1F3C-42C4-9F23-BE584331E154}.Release|Any CPU.ActiveCfg = Release|x64
		{F12E7D7B-1F3C-42C4-9F23-BE584331E154}.Release|Any CPU.Build.0 = Release|x64
		{F12E7D7B-1F3C-42C4-9F23-BE584331E154}.Release|Any CPU.Deploy.0 = Release|x64
		{F12E7D7B-1F3C-42C4-9F23-BE584331E154}.Release|ARM.ActiveCfg = Release|ARM
		{F12E7D7B-1F3C-42C4-9F23-BE584331E154}.Release|ARM.Build.0 = Release|ARM
		{F12E7D7B-1F3C-42C4-9F23-BE584331E154}.Release|ARM.Deploy.0 = Release|ARM
		{F12E7D7B-1F3C-42C4-9F23-BE584331E154}.Release|ARM64.ActiveCfg = Release|ARM64
		{F12E7D7B-1F3C-42C4-9F23-BE584331E154}.Release|ARM64.Build.0 = Release|ARM64
		{F12E7D7B-1F3C-42C4-9F23-BE584331E154}.Release|ARM64.Deploy.0 = Release|ARM64
		{F12E7D7B-1F3C-42C4-9F23-BE584331E154}.Release|x64.ActiveCfg = Release|x64
		{F12E7D7B-1F3C-42C4-9F23-BE584331E154}.Release|x64.Build.0 = Release|x64
		{F12E7D7B-1F3C-42C4-9F23-BE584331E154}.Release|x64.Deploy.0 = Release|x64
		{F12E7D7B-1F3C-42C4-9F23-BE584331E154}.Release|x86.ActiveCfg = Release|x86
		{F12E7D7B-1F3C-42C4-9F23-BE584331E154}.Release|x86.Build.0 = Release|x86
		{F12E7D7B-1F3C-42C4-9F23-BE584331E154}.Release|x86.Deploy.0 = Release|x86
		{DE5483E6-3147-4296-929D-7FCF8B890FF5}.Debug|Any CPU.ActiveCfg = Debug|x64
		{DE5483E6-3147-4296-929D-7FCF8B890FF5}.Debug|Any CPU.Build.0 = Debug|x64
		{DE5483E6-3147-4296-929D-7FCF8B890FF5}.Debug|Any CPU.Deploy.0 = Debug|x64
		{DE5483E6-3147-4296-929D-7FCF8B890FF5}.Debug|ARM.ActiveCfg = Debug|ARM
		{DE5483E6-3147-4296-929D-7FCF8B890FF5}.Debug|ARM.Build.0 = Debug|ARM
		{DE5483E6-3147-4296-929D-7FCF8B890FF5}.Debug|ARM.Deploy.0 = Debug|ARM
		{DE5483E6-3147-4296-929D-7FCF8B890FF5}.Debug|ARM64.ActiveCfg = Debug|ARM64
		{DE5483E6-3147-4296-929D-7FCF8B890FF5}.Debug|ARM64.Build.0 = Debug|ARM64
		{DE5483E6-3147-4296-929D-7FCF8B890FF5}.Debug|ARM64.Deploy.0 = Debug|ARM64
		{DE5483E6-3147-4296-929D-7FCF8B890FF5}.Debug|x64.ActiveCfg = Debug|x64
		{DE5483E6-3147-4296-929D-7FCF8B890FF5}.Debug|x64.Build.0 = Debug|x64
		{DE5483E6-3147-4296-929D-7FCF8B890FF5}.Debug|x64.Deploy.0 = Debug|x64
		{DE5483E6-3147-4296-929D-7FCF8B890FF5}.Debug|x86.ActiveCfg = Debug|x86
		{DE5483E6-3147-4296-929D-7FCF8B890FF5}.Debug|x86.Build.0 = Debug|x86
		{DE5483E6-3147-4296-929D-7FCF8B890FF5}.Debug|x86.Deploy.0 = Debug|x86
		{DE5483E6-3147-4296-929D-7FCF8B890FF5}.Release|Any CPU.ActiveCfg = Release|x64
		{DE5483E6-3147-4296-929D-7FCF8B890FF5}.Release|Any CPU.Build.0 = Release|x64
		{DE5483E6-3147-4296-929D-7FCF8B890FF5}.Release|Any CPU.Deploy.0 = Release|x64
		{DE5483E6-3147-4296-929D-7FCF8B890FF5}.Release|ARM.ActiveCfg = Release|ARM
		{DE5483E6-3147-4296-929D-7FCF8B890FF5}.Release|ARM.Build.0 = Release|ARM
		{DE5483E6-3147-4296-929D-7FCF8B890FF5}.Release|ARM.Deploy.0 = Release|ARM
		{DE5483E6-3147-4296-929D-7FCF8B890FF5}.Release|ARM64.ActiveCfg = Release|ARM64
		{DE5483E6-3147-4296-929D-7FCF8B890FF5}.Release|ARM64.Build.0 = Release|ARM64
		{DE5483E6-3147-4296-929D-7FCF8B890FF5}.Release|ARM64.Deploy.0 = Release|ARM64
		{DE5483E6-3147-4296-929D-7FCF8B890FF5}.Release|x64.ActiveCfg = Release|x64
		{DE5483E6-3147-4296-929D-7FCF8B890FF5}.Release|x64.Build.0 = Release|x64
		{DE5483E6-3147-4296-929D-7FCF8B890FF5}.Release|x64.Deploy.0 = Release|x64
		{DE5483E6-3147-4296-929D-7FCF8B890FF5}.Release|x86.ActiveCfg = Release|x86
		{DE5483E6-3147-4296-929D-7FCF8B890FF5}.Release|x86.Build.0 = Release|x86
		{DE5483E6-3147-4296-929D-7FCF8B890FF5}.Release|x86.Deploy.0 = Release|x86
	EndGlobalSection
	GlobalSection(SolutionProperties) = preSolution
		HideSolutionNode = FALSE
	EndGlobalSection
	GlobalSection(NestedProjects) = preSolution
		{EE601F4E-00CF-4A74-9104-54531BA29224} = {A752E0B6-7BD8-43B1-A5A9-05C38C386F56}
		{60BF8BD1-D47E-4D9D-8479-C17A1A7EAF64} = {A752E0B6-7BD8-43B1-A5A9-05C38C386F56}
		{F12E7D7B-1F3C-42C4-9F23-BE584331E154} = {A752E0B6-7BD8-43B1-A5A9-05C38C386F56}
		{DE5483E6-3147-4296-929D-7FCF8B890FF5} = {A752E0B6-7BD8-43B1-A5A9-05C38C386F56}
	EndGlobalSection
	GlobalSection(ExtensibilityGlobals) = postSolution
		SolutionGuid = {C1780C8E-06FC-4B83-BA6B-44872B2AE401}
	EndGlobalSection
EndGlobal
